
Microsoft Visual Studio Solution File, Format Version 12.00
# Visual Studio 2012
Project("{FAE04EC0-301F-11D3-BF4B-00C04F79EFBC}") = "BridgePattern", "BridgePattern\BridgePattern.csproj", "{452A6C33-527D-4F24-93C1-FCC74BFCC7FB}"
EndProject
Global
	GlobalSection(SolutionConfigurationPlatforms) = preSolution
		Debug|Any CPU = Debug|Any CPU
		Release|Any CPU = Release|Any CPU
	EndGlobalSection
	GlobalSection(ProjectConfigurationPlatforms) = postSolution
		{452A6C33-527D-4F24-93C1-FCC74BFCC7FB}.Debug|Any CPU.ActiveCfg = Debug|Any CPU
		{452A6C33-527D-4F24-93C1-FCC74BFCC7FB}.Debug|Any CPU.Build.0 = Debug|Any CPU
		{452A6C33-527D-4F24-93C1-FCC74BFCC7FB}.Release|Any CPU.ActiveCfg = Release|Any CPU
		{452A6C33-527D-4F24-93C1-FCC74BFCC7FB}.Release|Any CPU.Build.0 = Release|Any CPU
	EndGlobalSection
	GlobalSection(SolutionProperties) = preSolution
		HideSolutionNode = FALSE
	EndGlobalSection
EndGlobal
